<?xml version="1.0" encoding="utf-8"?>
<Project ToolsVersion="4.0" xmlns="http://schemas.microsoft.com/developer/msbuild/2003">
  <ItemGroup>
    <Filter Include="Source Files">
      <UniqueIdentifier>{4FC737F1-C7A5-4376-A066-2A32D752A2FF}</UniqueIdentifier>
      <Extensions>cpp;c;cc;cxx;def;odl;idl;hpj;bat;asm;asmx</Extensions>
    </Filter>
    <Filter Include="Header Files">
      <UniqueIdentifier>{93995380-89BD-4b04-88EB-625FBE52EBFB}</UniqueIdentifier>
      <Extensions>h;hh;hpp;hxx;hm;inl;inc;xsd</Extensions>
    </Filter>
    <Filter Include="Resource Files">
      <UniqueIdentifier>{67DA6AB6-F800-4c08-8B7A-83BB121AAD01}</UniqueIdentifier>
      <Extensions>rc;ico;cur;bmp;dlg;rc2;rct;bin;rgs;gif;jpg;jpeg;jpe;resx;tiff;tif;png;wav;mfcribbon-ms</Extensions>
    </Filter>
  </ItemGroup>
  <ItemGroup>
    <ClCompile Include="..\..\Connect4_makefile\Connect4_makefile\SPFIARParser.c">
      <Filter>Source Files</Filter>
    </ClCompile>
    <ClCompile Include="..\..\Connect4_makefile\Connect4_makefile\SPFIARParserUnitTest.c">
      <Filter>Source Files</Filter>
    </ClCompile>
    <ClCompile Include="..\..\Connect4_makefile\Connect4_makefile\SPArrayList.c">
      <Filter>Source Files</Filter>
    </ClCompile>
    <ClCompile Include="..\..\Connect4_makefile\Connect4_makefile\SPArrayListUnitTest.c">
      <Filter>Source Files</Filter>
    </ClCompile>
    <ClCompile Include="..\..\Connect4_makefile\Connect4_makefile\SPFIARGame.c">
      <Filter>Source Files</Filter>
    </ClCompile>
    <ClCompile Include="..\..\Connect4_makefile\Connect4_makefile\SPFIARGameUnitTest.c">
      <Filter>Source Files</Filter>
    </ClCompile>
    <ClCompile Include="..\..\Connect4_makefile\Connect4_makefile\SPMinimax.c">
      <Filter>Source Files</Filter>
    </ClCompile>
    <ClCompile Include="..\..\Connect4_makefile\Connect4_makefile\SPMinimaxNode.c">
      <Filter>Source Files</Filter>
    </ClCompile>
  </ItemGroup>
  <ItemGroup>
    <None Include="..\..\Connect4_makefile\Connect4_makefile\makefile" />
  </ItemGroup>
  <ItemGroup>
    <ClInclude Include="..\..\Connect4_makefile\Connect4_makefile\SPFIARParser.h">
      <Filter>Header Files</Filter>
    </ClInclude>
    <ClInclude Include="..\..\Connect4_makefile\Connect4_makefile\SPArrayList.h">
      <Filter>Header Files</Filter>
    </ClInclude>
    <ClInclude Include="..\..\Connect4_makefile\Connect4_makefile\SPFIARGame.h">
      <Filter>Header Files</Filter>
    </ClInclude>
    <ClInclude Include="..\..\Connect4_makefile\Connect4_makefile\SPMainAux.h">
      <Filter>Header Files</Filter>
    </ClInclude>
    <ClInclude Include="..\..\Connect4_makefile\Connect4_makefile\SPMinimax.h">
      <Filter>Header Files</Filter>
    </ClInclude>
    <ClInclude Include="..\..\Connect4_makefile\Connect4_makefile\SPMinimaxNode.h">
      <Filter>Header Files</Filter>
    </ClInclude>
    <ClInclude Include="..\..\Connect4_makefile\Connect4_makefile\unit_test_util.h">
      <Filter>Header Files</Filter>
    </ClInclude>
    <ClInclude Include="..\..\Connect4_makefile\Connect4_makefile\MasterHeader.h">
      <Filter>Header Files</Filter>
    </ClInclude>
  </ItemGroup>
</Project>