<?xml version="1.0" encoding="utf-8"?>
<Project ToolsVersion="4.0" xmlns="http://schemas.microsoft.com/developer/msbuild/2003">
  <ItemGroup>
    <Filter Include="Source Files">
      <UniqueIdentifier>{4FC737F1-C7A5-4376-A066-2A32D752A2FF}</UniqueIdentifier>
      <Extensions>cpp;c;cc;cxx;def;odl;idl;hpj;bat;asm;asmx</Extensions>
    </Filter>
    <Filter Include="Header Files">
      <UniqueIdentifier>{93995380-89BD-4b04-88EB-625FBE52EBFB}</UniqueIdentifier>
      <Extensions>h;hh;hpp;hxx;hm;inl;inc;xsd</Extensions>
    </Filter>
    <Filter Include="Resource Files">
      <UniqueIdentifier>{67DA6AB6-F800-4c08-8B7A-83BB121AAD01}</UniqueIdentifier>
      <Extensions>rc;ico;cur;bmp;dlg;rc2;rct;bin;rgs;gif;jpg;jpeg;jpe;resx;tiff;tif;png;wav;mfcribbon-ms</Extensions>
    </Filter>
  </ItemGroup>
  <ItemGroup>
    <ClInclude Include="SPFIARParser.h">
      <Filter>Header Files</Filter>
    </ClInclude>
    <ClInclude Include="unit_test_util.h">
      <Filter>Header Files</Filter>
    </ClInclude>
    <ClInclude Include="SPArrayList.h">
      <Filter>Header Files</Filter>
    </ClInclude>
    <ClInclude Include="SPFIARGame.h">
      <Filter>Header Files</Filter>
    </ClInclude>
    <ClInclude Include="SPMinimaxNode.h">
      <Filter>Header Files</Filter>
    </ClInclude>
    <ClInclude Include="SPMinimax.h">
      <Filter>Header Files</Filter>
    </ClInclude>
    <ClInclude Include="SPMainAux.h">
      <Filter>Header Files</Filter>
    </ClInclude>
  </ItemGroup>
  <ItemGroup>
    <ClCompile Include="SPFIARParser.c">
      <Filter>Source Files</Filter>
    </ClCompile>
    <ClCompile Include="SPFIARParserUnitTest.c">
      <Filter>Source Files</Filter>
    </ClCompile>
    <ClCompile Include="SPArrayList.c">
      <Filter>Source Files</Filter>
    </ClCompile>
    <ClCompile Include="SPArrayListUnitTest.c">
      <Filter>Source Files</Filter>
    </ClCompile>
    <ClCompile Include="SPFIARGameUnitTest.c">
      <Filter>Source Files</Filter>
    </ClCompile>
    <ClCompile Include="SPFIARGame.c">
      <Filter>Source Files</Filter>
    </ClCompile>
    <ClCompile Include="SPMinimaxNode.c">
      <Filter>Source Files</Filter>
    </ClCompile>
    <ClCompile Include="SPMinimax.c">
      <Filter>Source Files</Filter>
    </ClCompile>
    <ClCompile Include="SPMainAux.c">
      <Filter>Source Files</Filter>
    </ClCompile>
    <ClCompile Include="main.c">
      <Filter>Source Files</Filter>
    </ClCompile>
  </ItemGroup>
</Project>